// !$*UTF8*$!
{
	archiveVersion = 1;
	classes = {
	};
	objectVersion = 46;
	objects = {

/* Begin PBXBuildFile section */
		D62F3D681BA1A86900D74A06 /* function.swift in Sources */ = {isa = PBXBuildFile; fileRef = D62F3D671BA1A86900D74A06 /* function.swift */; };
		D65622691BA03D3A003BC1E9 /* SecondViewController.swift in Sources */ = {isa = PBXBuildFile; fileRef = D65622681BA03D3A003BC1E9 /* SecondViewController.swift */; };
		D688A79F1B04F2F900C5200C /* AppDelegate.swift in Sources */ = {isa = PBXBuildFile; fileRef = D688A79E1B04F2F900C5200C /* AppDelegate.swift */; };
		D688A7A11B04F2F900C5200C /* ViewController.swift in Sources */ = {isa = PBXBuildFile; fileRef = D688A7A01B04F2F900C5200C /* ViewController.swift */; };
		D688A7A41B04F2F900C5200C /* Main.storyboard in Resources */ = {isa = PBXBuildFile; fileRef = D688A7A21B04F2F900C5200C /* Main.storyboard */; };
		D688A7A61B04F2F900C5200C /* Images.xcassets in Resources */ = {isa = PBXBuildFile; fileRef = D688A7A51B04F2F900C5200C /* Images.xcassets */; };
		D688A7A91B04F2F900C5200C /* LaunchScreen.xib in Resources */ = {isa = PBXBuildFile; fileRef = D688A7A71B04F2F900C5200C /* LaunchScreen.xib */; };
/* End PBXBuildFile section */

/* Begin PBXContainerItemProxy section */
		D688A7AF1B04F2F900C5200C /* PBXContainerItemProxy */ = {
			isa = PBXContainerItemProxy;
			containerPortal = D688A7911B04F2F900C5200C /* Project object */;
			proxyType = 1;
			remoteGlobalIDString = D688A7981B04F2F900C5200C;
			remoteInfo = Map;
		};
/* End PBXContainerItemProxy section */

/* Begin PBXFileReference section */
		D62F3D671BA1A86900D74A06 /* function.swift */ = {isa = PBXFileReference; fileEncoding = 4; lastKnownFileType = sourcecode.swift; path = function.swift; sourceTree = "<group>"; };
		D65622681BA03D3A003BC1E9 /* SecondViewController.swift */ = {isa = PBXFileReference; fileEncoding = 4; lastKnownFileType = sourcecode.swift; path = SecondViewController.swift; sourceTree = "<group>"; };
		D688A7991B04F2F900C5200C /* Map.app */ = {isa = PBXFileReference; explicitFileType = wrapper.application; includeInIndex = 0; path = Map.app; sourceTree = BUILT_PRODUCTS_DIR; };
		D688A79D1B04F2F900C5200C /* Info.plist */ = {isa = PBXFileReference; lastKnownFileType = text.plist.xml; path = Info.plist; sourceTree = "<group>"; };
		D688A79E1B04F2F900C5200C /* AppDelegate.swift */ = {isa = PBXFileReference; lastKnownFileType = sourcecode.swift; path = AppDelegate.swift; sourceTree = "<group>"; };
		D688A7A01B04F2F900C5200C /* ViewController.swift */ = {isa = PBXFileReference; lastKnownFileType = sourcecode.swift; path = ViewController.swift; sourceTree = "<group>"; };
		D688A7A31B04F2F900C5200C /* Base */ = {isa = PBXFileReference; lastKnownFileType = file.storyboard; name = Base; path = Base.lproj/Main.storyboard; sourceTree = "<group>"; };
		D688A7A51B04F2F900C5200C /* Images.xcassets */ = {isa = PBXFileReference; lastKnownFileType = folder.assetcatalog; path = Images.xcassets; sourceTree = "<group>"; };
		D688A7A81B04F2F900C5200C /* Base */ = {isa = PBXFileReference; lastKnownFileType = file.xib; name = Base; path = Base.lproj/LaunchScreen.xib; sourceTree = "<group>"; };
		D688A7AE1B04F2F900C5200C /* MapTests.xctest */ = {isa = PBXFileReference; explicitFileType = wrapper.cfbundle; includeInIndex = 0; path = MapTests.xctest; sourceTree = BUILT_PRODUCTS_DIR; };
/* End PBXFileReference section */

/* Begin PBXFrameworksBuildPhase section */
		D688A7961B04F2F900C5200C /* Frameworks */ = {
			isa = PBXFrameworksBuildPhase;
			buildActionMask = 2147483647;
			files = (
			);
			runOnlyForDeploymentPostprocessing = 0;
		};
		D688A7AB1B04F2F900C5200C /* Frameworks */ = {
			isa = PBXFrameworksBuildPhase;
			buildActionMask = 2147483647;
			files = (
			);
			runOnlyForDeploymentPostprocessing = 0;
		};
/* End PBXFrameworksBuildPhase section */

/* Begin PBXGroup section */
		D688A7901B04F2F900C5200C = {
			isa = PBXGroup;
			children = (
				D688A79B1B04F2F900C5200C /* Map */,
				D688A79A1B04F2F900C5200C /* Products */,
			);
			sourceTree = "<group>";
		};
		D688A79A1B04F2F900C5200C /* Products */ = {
			isa = PBXGroup;
			children = (
				D688A7991B04F2F900C5200C /* Map.app */,
				D688A7AE1B04F2F900C5200C /* MapTests.xctest */,
			);
			name = Products;
			sourceTree = "<group>";
		};
		D688A79B1B04F2F900C5200C /* Map */ = {
			isa = PBXGroup;
			children = (
				D688A79E1B04F2F900C5200C /* AppDelegate.swift */,
				D688A7A01B04F2F900C5200C /* ViewController.swift */,
				D62F3D671BA1A86900D74A06 /* function.swift */,
				D65622681BA03D3A003BC1E9 /* SecondViewController.swift */,
				D688A7A21B04F2F900C5200C /* Main.storyboard */,
				D688A7A51B04F2F900C5200C /* Images.xcassets */,
				D688A7A71B04F2F900C5200C /* LaunchScreen.xib */,
				D688A79C1B04F2F900C5200C /* Supporting Files */,
			);
			path = Map;
			sourceTree = "<group>";
		};
		D688A79C1B04F2F900C5200C /* Supporting Files */ = {
			isa = PBXGroup;
			children = (
				D688A79D1B04F2F900C5200C /* Info.plist */,
			);
			name = "Supporting Files";
			sourceTree = "<group>";
		};
/* End PBXGroup section */

/* Begin PBXNativeTarget section */
		D688A7981B04F2F900C5200C /* Map */ = {
			isa = PBXNativeTarget;
			buildConfigurationList = D688A7B81B04F2F900C5200C /* Build configuration list for PBXNativeTarget "Map" */;
			buildPhases = (
				D688A7951B04F2F900C5200C /* Sources */,
				D688A7961B04F2F900C5200C /* Frameworks */,
				D688A7971B04F2F900C5200C /* Resources */,
			);
			buildRules = (
			);
			dependencies = (
			);
			name = Map;
			productName = Map;
			productReference = D688A7991B04F2F900C5200C /* Map.app */;
			productType = "com.apple.product-type.application";
		};
		D688A7AD1B04F2F900C5200C /* MapTests */ = {
			isa = PBXNativeTarget;
			buildConfigurationList = D688A7BB1B04F2F900C5200C /* Build configuration list for PBXNativeTarget "MapTests" */;
			buildPhases = (
				D688A7AA1B04F2F900C5200C /* Sources */,
				D688A7AB1B04F2F900C5200C /* Frameworks */,
				D688A7AC1B04F2F900C5200C /* Resources */,
			);
			buildRules = (
			);
			dependencies = (
				D688A7B01B04F2F900C5200C /* PBXTargetDependency */,
			);
			name = MapTests;
			productName = MapTests;
			productReference = D688A7AE1B04F2F900C5200C /* MapTests.xctest */;
			productType = "com.apple.product-type.bundle.unit-test";
		};
/* End PBXNativeTarget section */

/* Begin PBXProject section */
		D688A7911B04F2F900C5200C /* Project object */ = {
			isa = PBXProject;
			attributes = {
				LastSwiftMigration = 0700;
				LastSwiftUpdateCheck = 0700;
				LastUpgradeCheck = 0700;
				ORGANIZATIONNAME = YUT;
				TargetAttributes = {
					D688A7981B04F2F900C5200C = {
						CreatedOnToolsVersion = 6.3.1;
					};
					D688A7AD1B04F2F900C5200C = {
						CreatedOnToolsVersion = 6.3.1;
						TestTargetID = D688A7981B04F2F900C5200C;
					};
				};
			};
			buildConfigurationList = D688A7941B04F2F900C5200C /* Build configuration list for PBXProject "Map" */;
			compatibilityVersion = "Xcode 3.2";
			developmentRegion = English;
			hasScannedForEncodings = 0;
			knownRegions = (
				en,
				Base,
			);
			mainGroup = D688A7901B04F2F900C5200C;
			productRefGroup = D688A79A1B04F2F900C5200C /* Products */;
			projectDirPath = "";
			projectRoot = "";
			targets = (
				D688A7981B04F2F900C5200C /* Map */,
				D688A7AD1B04F2F900C5200C /* MapTests */,
			);
		};
/* End PBXProject section */

/* Begin PBXResourcesBuildPhase section */
		D688A7971B04F2F900C5200C /* Resources */ = {
			isa = PBXResourcesBuildPhase;
			buildActionMask = 2147483647;
			files = (
				D688A7A41B04F2F900C5200C /* Main.storyboard in Resources */,
				D688A7A91B04F2F900C5200C /* LaunchScreen.xib in Resources */,
				D688A7A61B04F2F900C5200C /* Images.xcassets in Resources */,
			);
			runOnlyForDeploymentPostprocessing = 0;
		};
		D688A7AC1B04F2F900C5200C /* Resources */ = {
			isa = PBXResourcesBuildPhase;
			buildActionMask = 2147483647;
			files = (
			);
			runOnlyForDeploymentPostprocessing = 0;
		};
/* End PBXResourcesBuildPhase section */

/* Begin PBXSourcesBuildPhase section */
		D688A7951B04F2F900C5200C /* Sources */ = {
			isa = PBXSourcesBuildPhase;
			buildActionMask = 2147483647;
			files = (
				D65622691BA03D3A003BC1E9 /* SecondViewController.swift in Sources */,
				D688A7A11B04F2F900C5200C /* ViewController.swift in Sources */,
				D688A79F1B04F2F900C5200C /* AppDelegate.swift in Sources */,
				D62F3D681BA1A86900D74A06 /* function.swift in Sources */,
			);
			runOnlyForDeploymentPostprocessing = 0;
		};
		D688A7AA1B04F2F900C5200C /* Sources */ = {
			isa = PBXSourcesBuildPhase;
			buildActionMask = 2147483647;
			files = (
			);
			runOnlyForDeploymentPostprocessing = 0;
		};
/* End PBXSourcesBuildPhase section */

/* Begin PBXTargetDependency section */
		D688A7B01B04F2F900C5200C /* PBXTargetDependency */ = {
			isa = PBXTargetDependency;
			target = D688A7981B04F2F900C5200C /* Map */;
			targetProxy = D688A7AF1B04F2F900C5200C /* PBXContainerItemProxy */;
		};
/* End PBXTargetDependency section */

/* Begin PBXVariantGroup section */
		D688A7A21B04F2F900C5200C /* Main.storyboard */ = {
			isa = PBXVariantGroup;
			children = (
				D688A7A31B04F2F900C5200C /* Base */,
			);
			name = Main.storyboard;
			sourceTree = "<group>";
		};
		D688A7A71B04F2F900C5200C /* LaunchScreen.xib */ = {
			isa = PBXVariantGroup;
			children = (
				D688A7A81B04F2F900C5200C /* Base */,
			);
			name = LaunchScreen.xib;
			sourceTree = "<group>";
		};
/* End PBXVariantGroup section */

/* Begin XCBuildConfiguration section */
		D688A7B61B04F2F900C5200C /* Debug */ = {
			isa = XCBuildConfiguration;
			buildSettings = {
				ALWAYS_SEARCH_USER_PATHS = NO;
				CLANG_CXX_LANGUAGE_STANDARD = "gnu++0x";
				CLANG_CXX_LIBRARY = "libc++";
				CLANG_ENABLE_MODULES = YES;
				CLANG_ENABLE_OBJC_ARC = YES;
				CLANG_WARN_BOOL_CONVERSION = YES;
				CLANG_WARN_CONSTANT_CONVERSION = YES;
				CLANG_WARN_DIRECT_OBJC_ISA_USAGE = YES_ERROR;
				CLANG_WARN_EMPTY_BODY = YES;
				CLANG_WARN_ENUM_CONVERSION = YES;
				CLANG_WARN_INT_CONVERSION = YES;
				CLANG_WARN_OBJC_ROOT_CLASS = YES_ERROR;
				CLANG_WARN_UNREACHABLE_CODE = YES;
				CLANG_WARN__DUPLICATE_METHOD_MATCH = YES;
				"CODE_SIGN_IDENTITY[sdk=iphoneos*]" = "iPhone Developer";
				COPY_PHASE_STRIP = NO;
				DEBUG_INFORMATION_FORMAT = "dwarf-with-dsym";
				ENABLE_STRICT_OBJC_MSGSEND = YES;
				ENABLE_TESTABILITY = YES;
				GCC_C_LANGUAGE_STANDARD = gnu99;
				GCC_DYNAMIC_NO_PIC = NO;
				GCC_NO_COMMON_BLOCKS = YES;
				GCC_OPTIMIZATION_LEVEL = 0;
				GCC_PREPROCESSOR_DEFINITIONS = (
					"DEBUG=1",
					"$(inherited)",
				);
				GCC_SYMBOLS_PRIVATE_EXTERN = NO;
				GCC_WARN_64_TO_32_BIT_CONVERSION = YES;
				GCC_WARN_ABOUT_RETURN_TYPE = YES_ERROR;
				GCC_WARN_UNDECLARED_SELECTOR = YES;
				GCC_WARN_UNINITIALIZED_AUTOS = YES_AGGRESSIVE;
				GCC_WARN_UNUSED_FUNCTION = YES;
				GCC_WARN_UNUSED_VARIABLE = YES;
				IPHONEOS_DEPLOYMENT_TARGET = 9.0;
				MTL_ENABLE_DEBUG_INFO = YES;
				ONLY_ACTIVE_ARCH = YES;
				SDKROOT = iphoneos;
				SWIFT_OPTIMIZATION_LEVEL = "-Onone";
			};
			name = Debug;
		};
		D688A7B71B04F2F900C5200C /* Release */ = {
			isa = XCBuildConfiguration;
			buildSettings = {
				ALWAYS_SEARCH_USER_PATHS = NO;
				CLANG_CXX_LANGUAGE_STANDARD = "gnu++0x";
				CLANG_CXX_LIBRARY = "libc++";
				CLANG_ENABLE_MODULES = YES;
				CLANG_ENABLE_OBJC_ARC = YES;
				CLANG_WARN_BOOL_CONVERSION = YES;
				CLANG_WARN_CONSTANT_CONVERSION = YES;
				CLANG_WARN_DIRECT_OBJC_ISA_USAGE = YES_ERROR;
				CLANG_WARN_EMPTY_BODY = YES;
				CLANG_WARN_ENUM_CONVERSION = YES;
				CLANG_WARN_INT_CONVERSION = YES;
				CLANG_WARN_OBJC_ROOT_CLASS = YES_ERROR;
				CLANG_WARN_UNREACHABLE_CODE = YES;
				CLANG_WARN__DUPLICATE_METHOD_MATCH = YES;
				"CODE_SIGN_IDENTITY[sdk=iphoneos*]" = "iPhone Developer";
				COPY_PHASE_STRIP = NO;
				DEBUG_INFORMATION_FORMAT = "dwarf-with-dsym";
				ENABLE_NS_ASSERTIONS = NO;
				ENABLE_STRICT_OBJC_MSGSEND = YES;
				GCC_C_LANGUAGE_STANDARD = gnu99;
				GCC_NO_COMMON_BLOCKS = YES;
				GCC_WARN_64_TO_32_BIT_CONVERSION = YES;
				GCC_WARN_ABOUT_RETURN_TYPE = YES_ERROR;
				GCC_WARN_UNDECLARED_SELECTOR = YES;
				GCC_WARN_UNINITIALIZED_AUTOS = YES_AGGRESSIVE;
				GCC_WARN_UNUSED_FUNCTION = YES;
				GCC_WARN_UNUSED_VARIABLE = YES;
				IPHONEOS_DEPLOYMENT_TARGET = 9.0;
				MTL_ENABLE_DEBUG_INFO = NO;
				SDKROOT = iphoneos;
				VALIDATE_PRODUCT = YES;
			};
			name = Release;
		};
		D688A7B91B04F2F900C5200C /* Debug */ = {
			isa = XCBuildConfiguration;
			buildSettings = {
				ASSETCATALOG_COMPILER_APPICON_NAME = AppIcon;
				INFOPLIST_FILE = Map/Info.plist;
				LD_RUNPATH_SEARCH_PATHS = "$(inherited) @executable_path/Frameworks";
				PRODUCT_BUNDLE_IDENTIFIER = "yuta.$(PRODUCT_NAME:rfc1034identifier)";
				PRODUCT_NAME = "$(TARGET_NAME)";
			};
			name = Debug;
		};
		D688A7BA1B04F2F900C5200C /* Release */ = {
			isa = XCBuildConfiguration;
			buildSettings = {
				ASSETCATALOG_COMPILER_APPICON_NAME = AppIcon;
				INFOPLIST_FILE = Map/Info.plist;
				LD_RUNPATH_SEARCH_PATHS = "$(inherited) @executable_path/Frameworks";
				PRODUCT_BUNDLE_IDENTIFIER = "yuta.$(PRODUCT_NAME:rfc1034identifier)";
				PRODUCT_NAME = "$(TARGET_NAME)";
			};
			name = Release;
		};
		D688A7BC1B04F2F900C5200C /* Debug */ = {
			isa = XCBuildConfiguration;
			buildSettings = {
				BUNDLE_LOADER = "$(TEST_HOST)";
				FRAMEWORK_SEARCH_PATHS = (
					"$(SDKROOT)/Developer/Library/Frameworks",
					"$(inherited)",
				);
				GCC_PREPROCESSOR_DEFINITIONS = (
					"DEBUG=1",
					"$(inherited)",
				);
				INFOPLIST_FILE = MapTests/Info.plist;
				LD_RUNPATH_SEARCH_PATHS = "$(inherited) @executable_path/Frameworks @loader_path/Frameworks";
				PRODUCT_BUNDLE_IDENTIFIER = "yuta.$(PRODUCT_NAME:rfc1034identifier)";
				PRODUCT_NAME = "$(TARGET_NAME)";
				TEST_HOST = "$(BUILT_PRODUCTS_DIR)/Map.app/Map";
			};
			name = Debug;
		};
		D688A7BD1B04F2F900C5200C /* Release */ = {
			isa = XCBuildConfiguration;
			buildSettings = {
				BUNDLE_LOADER = "$(TEST_HOST)";
				FRAMEWORK_SEARCH_PATHS = (
					"$(SDKROOT)/Developer/Library/Frameworks",
					"$(inherited)",
				);
				INFOPLIST_FILE = MapTests/Info.plist;
				LD_RUNPATH_SEARCH_PATHS = "$(inherited) @executable_path/Frameworks @loader_path/Frameworks";
				PRODUCT_BUNDLE_IDENTIFIER = "yuta.$(PRODUCT_NAME:rfc1034identifier)";
				PRODUCT_NAME = "$(TARGET_NAME)";
				TEST_HOST = "$(BUILT_PRODUCTS_DIR)/Map.app/Map";
			};
			name = Release;
		};
/* End XCBuildConfiguration section */

/* Begin XCConfigurationList section */
		D688A7941B04F2F900C5200C /* Build configuration list for PBXProject "Map" */ = {
			isa = XCConfigurationList;
			buildConfigurations = (
				D688A7B61B04F2F900C5200C /* Debug */,
				D688A7B71B04F2F900C5200C /* Release */,
			);
			defaultConfigurationIsVisible = 0;
			defaultConfigurationName = Release;
		};
		D688A7B81B04F2F900C5200C /* Build configuration list for PBXNativeTarget "Map" */ = {
			isa = XCConfigurationList;
			buildConfigurations = (
				D688A7B91B04F2F900C5200C /* Debug */,
				D688A7BA1B04F2F900C5200C /* Release */,
			);
			defaultConfigurationIsVisible = 0;
			defaultConfigurationName = Release;
		};
		D688A7BB1B04F2F900C5200C /* Build configuration list for PBXNativeTarget "MapTests" */ = {
			isa = XCConfigurationList;
			buildConfigurations = (
				D688A7BC1B04F2F900C5200C /* Debug */,
				D688A7BD1B04F2F900C5200C /* Release */,
			);
			defaultConfigurationIsVisible = 0;
			defaultConfigurationName = Release;
		};
/* End XCConfigurationList section */
	};
	rootObject = D688A7911B04F2F900C5200C /* Project object */;
}
